
Microsoft Visual Studio Solution File, Format Version 12.00
# Visual Studio Version 16
VisualStudioVersion = 16.0.31624.102
MinimumVisualStudioVersion = 10.0.40219.1
Project("{9A19103F-16F7-4668-BE54-9A1E7A4F7556}") = "PUBG.Analiser.Functions", "src\Functions\PUBG.Analiser.Functions.csproj", "{79C09758-D419-474E-A5F0-8330E74A2E3D}"
EndProject
Project("{9A19103F-16F7-4668-BE54-9A1E7A4F7556}") = "PUBG.Analiser", "src\Analiser\PUBG.Analiser.csproj", "{C0BA3B39-8A0C-4AA6-8B43-7BA45875BC66}"
EndProject
Project("{FAE04EC0-301F-11D3-BF4B-00C04F79EFBC}") = "Poc", "Poc\Poc.csproj", "{1D3FFBD3-26F5-48B4-89F7-06438FA206D5}"
EndProject
Global
	GlobalSection(SolutionConfigurationPlatforms) = preSolution
		Debug|Any CPU = Debug|Any CPU
		Release|Any CPU = Release|Any CPU
	EndGlobalSection
	GlobalSection(ProjectConfigurationPlatforms) = postSolution
		{79C09758-D419-474E-A5F0-8330E74A2E3D}.Debug|Any CPU.ActiveCfg = Debug|Any CPU
		{79C09758-D419-474E-A5F0-8330E74A2E3D}.Debug|Any CPU.Build.0 = Debug|Any CPU
		{79C09758-D419-474E-A5F0-8330E74A2E3D}.Release|Any CPU.ActiveCfg = Release|Any CPU
		{79C09758-D419-474E-A5F0-8330E74A2E3D}.Release|Any CPU.Build.0 = Release|Any CPU
		{C0BA3B39-8A0C-4AA6-8B43-7BA45875BC66}.Debug|Any CPU.ActiveCfg = Debug|Any CPU
		{C0BA3B39-8A0C-4AA6-8B43-7BA45875BC66}.Debug|Any CPU.Build.0 = Debug|Any CPU
		{C0BA3B39-8A0C-4AA6-8B43-7BA45875BC66}.Release|Any CPU.ActiveCfg = Release|Any CPU
		{C0BA3B39-8A0C-4AA6-8B43-7BA45875BC66}.Release|Any CPU.Build.0 = Release|Any CPU
		{1D3FFBD3-26F5-48B4-89F7-06438FA206D5}.Debug|Any CPU.ActiveCfg = Debug|Any CPU
		{1D3FFBD3-26F5-48B4-89F7-06438FA206D5}.Debug|Any CPU.Build.0 = Debug|Any CPU
		{1D3FFBD3-26F5-48B4-89F7-06438FA206D5}.Release|Any CPU.ActiveCfg = Release|Any CPU
		{1D3FFBD3-26F5-48B4-89F7-06438FA206D5}.Release|Any CPU.Build.0 = Release|Any CPU
	EndGlobalSection
	GlobalSection(SolutionProperties) = preSolution
		HideSolutionNode = FALSE
	EndGlobalSection
	GlobalSection(ExtensibilityGlobals) = postSolution
		SolutionGuid = {327B392C-6FC6-4DCC-90FD-FA038E75137D}
	EndGlobalSection
EndGlobal
